# This file is autogenerated, do not edit; changes may be undone by the next 'dep ensure'.


[[projects]]
  branch = "master"
  name = "github.com/catatsuy/movabletype"
  packages = ["."]
  revision = "40a29f942e81be3cadd355e312fa9ac82140a039"

[[projects]]
  name = "github.com/pkg/errors"
  packages = ["."]
  revision = "645ef00459ed84a119197bfb8d8205042c6df63d"
  version = "v0.8.0"

[solve-meta]
  analyzer-name = "dep"
  analyzer-version = 1
  inputs-digest = "bbdf2cd9fe4973819476228ce84a1bc230a9725ddb7d58fa72d339b4a7017f99"
  solver-name = "gps-cdcl"
  solver-version = 1
